
Microsoft Visual Studio Solution File, Format Version 12.00
# Visual Studio Version 16
VisualStudioVersion = 16.0.31613.86
MinimumVisualStudioVersion = 10.0.40219.1
Project("{FAE04EC0-301F-11D3-BF4B-00C04F79EFBC}") = "MiniWalletApi", "MiniWalletApi\MiniWalletApi.csproj", "{27C555E9-D5FB-492A-A66B-A3D8E01C420C}"
EndProject
Global
	GlobalSection(SolutionConfigurationPlatforms) = preSolution
		Debug|Any CPU = Debug|Any CPU
		Release|Any CPU = Release|Any CPU
	EndGlobalSection
	GlobalSection(ProjectConfigurationPlatforms) = postSolution
		{27C555E9-D5FB-492A-A66B-A3D8E01C420C}.Debug|Any CPU.ActiveCfg = Debug|Any CPU
		{27C555E9-D5FB-492A-A66B-A3D8E01C420C}.Debug|Any CPU.Build.0 = Debug|Any CPU
		{27C555E9-D5FB-492A-A66B-A3D8E01C420C}.Release|Any CPU.ActiveCfg = Release|Any CPU
		{27C555E9-D5FB-492A-A66B-A3D8E01C420C}.Release|Any CPU.Build.0 = Release|Any CPU
	EndGlobalSection
	GlobalSection(SolutionProperties) = preSolution
		HideSolutionNode = FALSE
	EndGlobalSection
	GlobalSection(ExtensibilityGlobals) = postSolution
		SolutionGuid = {723C1D81-E0F5-4BD1-B9A7-7AB2AADB8DE6}
	EndGlobalSection
EndGlobal
